# @generated - this file is auto-generated by `mise lock` https://mise.jdx.dev/dev-tools/mise-lock.html

[[tools.aube]]
version = "2.2.12"
backend = "github:jdx/aube"

[tools.aube."platforms.linux-arm64"]
checksum = "sha256:831f212a8b3f2f7a2de891eed7c95856bffadb9e3ec5981377a157f32bcff730"
url = "https://github.com/aubepkg/aube/releases/download/v2.2.12/aube-v2.2.12-aarch64-unknown-linux-gnu.tar.gz"
url_api = "https://api.github.com/repos/aubepkg/aube/releases/assets/546510161"
provenance = "github-attestations"

[tools.aube."platforms.linux-arm64-musl"]
checksum = "sha256:b6df7f02c0e58257843c071efd14d65665cebb03fb3462633643c9aeaa36a61f"
url = "https://github.com/aubepkg/aube/releases/download/v2.2.12/aube-v2.2.12-aarch64-unknown-linux-musl.tar.gz"
url_api = "https://api.github.com/repos/aubepkg/aube/releases/assets/546500061"
provenance = "github-attestations"

[tools.aube."platforms.linux-x64"]
checksum = "sha256:ad906bced7d1bf014a2dd8cfa1b03ad0e38a5764f92fe4b30e9e27e303bb7a03"
url = "https://github.com/aubepkg/aube/releases/download/v2.2.12/aube-v2.2.12-x86_64-unknown-linux-gnu.tar.gz"
url_api = "https://api.github.com/repos/aubepkg/aube/releases/assets/546498432"
provenance = "github-attestations"
provenance_verified = true

[tools.aube."platforms.linux-x64-musl"]
checksum = "sha256:81a1e1c3d041ce0db51483ad3b892e66dec1e63fff6489ae847880fbd081b92d"
url = "https://github.com/aubepkg/aube/releases/download/v2.2.12/aube-v2.2.12-x86_64-unknown-linux-musl.tar.gz"
url_api = "https://api.github.com/repos/aubepkg/aube/releases/assets/546495491"
provenance = "github-attestations"

[tools.aube."platforms.macos-arm64"]
checksum = "sha256:30235658a0f328f095ff7f178f352a6bfef753a8fe505d991bd9f5db3825f2f6"
url = "https://github.com/aubepkg/aube/releases/download/v2.2.12/aube-v2.2.12-aarch64-apple-darwin.tar.gz"
url_api = "https://api.github.com/repos/aubepkg/aube/releases/assets/546517467"
provenance = "github-attestations"

[tools.aube."platforms.macos-x64"]
checksum = "sha256:76378aba4cf5f8eb28c6b700456238210572a3928f4814b42ad1b1acc00424aa"
url = "https://github.com/aubepkg/aube/releases/download/v2.2.12/libaube-x86_64-apple-darwin.dylib"
url_api = "https://api.github.com/repos/aubepkg/aube/releases/assets/546512096"
provenance = "github-attestations"

[tools.aube."platforms.windows-x64"]
checksum = "sha256:c734783dfba99509b54dfaf49aa897dffa017a82128a45302e01812231dfeb11"
url = "https://github.com/aubepkg/aube/releases/download/v2.2.12/aube-v2.2.12-x86_64-pc-windows-msvc.zip"
url_api = "https://api.github.com/repos/aubepkg/aube/releases/assets/546508041"
provenance = "github-attestations"

[[tools.cargo-binstall]]
version = "1.23.0"
backend = "aqua:cargo-bins/cargo-binstall"

[tools.cargo-binstall."platforms.linux-arm64"]
checksum = "sha256:c458cfe9534d1958f159fc17b5f50e839297b4ee752b23ffdd80c5e15a734c42"
url = "https://github.com/cargo-bins/cargo-binstall/releases/download/v1.23.0/cargo-binstall-aarch64-unknown-linux-gnu.tgz"
url_api = "https://api.github.com/repos/cargo-bins/cargo-binstall/releases/assets/546062641"
provenance = "github-attestations"

[tools.cargo-binstall."platforms.linux-arm64-musl"]
checksum = "sha256:ba9b7bf426c7b7375825cd3fa367c3f8a632ca7c6c546fdcb738114b167f4103"
url = "https://github.com/cargo-bins/cargo-binstall/releases/download/v1.23.0/cargo-binstall-aarch64-unknown-linux-musl.tgz"
url_api = "https://api.github.com/repos/cargo-bins/cargo-binstall/releases/assets/546062597"
provenance = "github-attestations"

[tools.cargo-binstall."platforms.linux-x64"]
checksum = "sha256:cdada45ad6bb501185ab309f5eef3f628b6bc44460746565cb3e0c7538815bf3"
url = "https://github.com/cargo-bins/cargo-binstall/releases/download/v1.23.0/cargo-binstall-x86_64-unknown-linux-gnu.tgz"
url_api = "https://api.github.com/repos/cargo-bins/cargo-binstall/releases/assets/546062151"
provenance = "github-attestations"

[tools.cargo-binstall."platforms.linux-x64-musl"]
checksum = "sha256:64bf954c68bb558431deeabecaec7687edd5541c2189ee263bb8bc18bc4fdf55"
url = "https://github.com/cargo-bins/cargo-binstall/releases/download/v1.23.0/cargo-binstall-x86_64-unknown-linux-musl.tgz"
url_api = "https://api.github.com/repos/cargo-bins/cargo-binstall/releases/assets/546062088"
provenance = "github-attestations"

[tools.cargo-binstall."platforms.macos-arm64"]
checksum = "sha256:0f679c0bc992c6b84fdcbb0f65492588447d26596ef387cb6cb1ba41ad8ceb33"
url = "https://github.com/cargo-bins/cargo-binstall/releases/download/v1.23.0/cargo-binstall-aarch64-apple-darwin.zip"
url_api = "https://api.github.com/repos/cargo-bins/cargo-binstall/releases/assets/546062768"
provenance = "github-attestations"

[tools.cargo-binstall."platforms.macos-x64"]
checksum = "sha256:5b4d6cd99651318e17a26ed9bab7505de0f496d88793a7735a0fc6e2079efe83"
url = "https://github.com/cargo-bins/cargo-binstall/releases/download/v1.23.0/cargo-binstall-x86_64-apple-darwin.zip"
url_api = "https://api.github.com/repos/cargo-bins/cargo-binstall/releases/assets/546062270"
provenance = "github-attestations"

[tools.cargo-binstall."platforms.windows-x64"]
checksum = "sha256:f4641479477aca40387e88297e3813fab8e44a8d21f25faa44e0ff33e2bc1726"
url = "https://github.com/cargo-bins/cargo-binstall/releases/download/v1.23.0/cargo-binstall-x86_64-pc-windows-msvc.zip"
url_api = "https://api.github.com/repos/cargo-bins/cargo-binstall/releases/assets/546062212"
provenance = "github-attestations"

[[tools."cargo:cargo-nextest"]]
version = "0.9.143"
backend = "cargo:cargo-nextest"

[[tools.communique]]
version = "1.3.5"
backend = "github:jdx/communique"

[tools.communique."platforms.linux-arm64"]
checksum = "sha256:70d3145c3f8d862f7265dde3e5281aea5a256a65c368f76bee042894d3cda860"
url = "https://github.com/jdx/communique/releases/download/v1.3.5/communique-aarch64-unknown-linux-gnu.tar.gz"
url_api = "https://api.github.com/repos/jdx/communique/releases/assets/545773536"
provenance = "github-attestations"

[tools.communique."platforms.linux-arm64-musl"]
checksum = "sha256:4401ba23de7ad471ebd53f749e3bb0231abf234fdf5aa68272b3e31663b8c0fc"
url = "https://github.com/jdx/communique/releases/download/v1.3.5/communique-aarch64-unknown-linux-musl.tar.gz"
url_api = "https://api.github.com/repos/jdx/communique/releases/assets/545773428"
provenance = "github-attestations"

[tools.communique."platforms.linux-x64"]
checksum = "sha256:a62776e5f464e35784cf1f4b8d26abeb39a31e5a4ba441d6cb529b58b890ffd5"
url = "https://github.com/jdx/communique/releases/download/v1.3.5/communique-x86_64-unknown-linux-gnu.tar.gz"
url_api = "https://api.github.com/repos/jdx/communique/releases/assets/545772974"
provenance = "github-attestations"
provenance_verified = true

[tools.communique."platforms.linux-x64-musl"]
checksum = "sha256:fc481602b0d5b8b578a34bcbdd6831e86b7c31983a50de89cc4cf227d3640844"
url = "https://github.com/jdx/communique/releases/download/v1.3.5/communique-x86_64-unknown-linux-musl.tar.gz"
url_api = "https://api.github.com/repos/jdx/communique/releases/assets/545773265"
provenance = "github-attestations"

[tools.communique."platforms.macos-arm64"]
checksum = "sha256:be28cda1ca0380ccb64c02f15a0c1f061a28d339d866b8a9873dc2dc532fc665"
url = "https://github.com/jdx/communique/releases/download/v1.3.5/communique-aarch64-apple-darwin.tar.gz"
url_api = "https://api.github.com/repos/jdx/communique/releases/assets/545773848"
provenance = "github-attestations"

[tools.communique."platforms.windows-x64"]
checksum = "sha256:1b8c800086a336ab5b048c4113d4c53c2674a7eaa4877f475d604ecd30cf65f4"
url = "https://github.com/jdx/communique/releases/download/v1.3.5/communique-x86_64-pc-windows-msvc.zip"
url_api = "https://api.github.com/repos/jdx/communique/releases/assets/545775271"
provenance = "github-attestations"

[[tools."github:jdx/tak"]]
version = "0.0.9"
backend = "github:jdx/tak"

[tools."github:jdx/tak"."platforms.linux-arm64"]
checksum = "sha256:9069450a581d5918c7f40fe4120f054a71835da322604becb42b7acb5bd1e0a1"
url = "https://github.com/jdx/tak/releases/download/v0.0.9/tak-aarch64-unknown-linux-gnu.tar.gz"
url_api = "https://api.github.com/repos/jdx/tak/releases/assets/537992902"
provenance = "github-attestations"

[tools."github:jdx/tak"."platforms.linux-arm64-musl"]
checksum = "sha256:0caa3b6b66fe98298714a90e6de0690402a417f5b3c34d9aa9c912edf69a18f1"
url = "https://github.com/jdx/tak/releases/download/v0.0.9/tak-aarch64-unknown-linux-musl.tar.gz"
url_api = "https://api.github.com/repos/jdx/tak/releases/assets/537992901"
provenance = "github-attestations"

[tools."github:jdx/tak"."platforms.linux-x64"]
checksum = "sha256:dfb0020b976d679af5a7504190ffbcb201c0e11b2f7788901fd6f60740cd87d4"
url = "https://github.com/jdx/tak/releases/download/v0.0.9/tak-x86_64-unknown-linux-gnu.tar.gz"
url_api = "https://api.github.com/repos/jdx/tak/releases/assets/537992912"
provenance = "github-attestations"
provenance_verified = true

[tools."github:jdx/tak"."platforms.linux-x64-musl"]
checksum = "sha256:c761a4dbf695dc493744c79de0f3ab67a1698ee5af9afd35f6d019af36145420"
url = "https://github.com/jdx/tak/releases/download/v0.0.9/tak-x86_64-unknown-linux-musl.tar.gz"
url_api = "https://api.github.com/repos/jdx/tak/releases/assets/537992915"
provenance = "github-attestations"

[tools."github:jdx/tak"."platforms.macos-arm64"]
checksum = "sha256:be4690bad41265946803d11f145c22e01368164e7f1fe49befef8789259c9471"
url = "https://github.com/jdx/tak/releases/download/v0.0.9/tak-aarch64-apple-darwin.tar.gz"
url_api = "https://api.github.com/repos/jdx/tak/releases/assets/537992905"
provenance = "github-attestations"
provenance_verified = true

[tools."github:jdx/tak"."platforms.windows-x64"]
checksum = "sha256:a15f62ea6fa0051f8ae01fca58da26c550ae95fd9d7eccaa167ca53d6f2262b3"
url = "https://github.com/jdx/tak/releases/download/v0.0.9/tak-x86_64-pc-windows-msvc.zip"
url_api = "https://api.github.com/repos/jdx/tak/releases/assets/537992910"
provenance = "github-attestations"

[[tools.hk]]
version = "1.58.1"
backend = "aqua:jdx/hk"

[tools.hk."platforms.linux-arm64"]
checksum = "sha256:0972e05774ea3651fd521676c1bc6411333fe4404beb4a48067e10b54dfd1b4d"
url = "https://github.com/jdx/hk/releases/download/v1.58.1/hk-aarch64-unknown-linux-gnu.tar.gz"
url_api = "https://api.github.com/repos/jdx/hk/releases/assets/546232324"

[tools.hk."platforms.linux-arm64-musl"]
checksum = "sha256:a49cc7c21cf914c03fbda6289254bb704d424e91458afd91074f16921f9a5e84"
url = "https://github.com/jdx/hk/releases/download/v1.58.1/hk-aarch64-unknown-linux-musl.tar.gz"
url_api = "https://api.github.com/repos/jdx/hk/releases/assets/546232327"

[tools.hk."platforms.linux-x64"]
checksum = "sha256:8139133a70ed7cf1d4a0f2f19c26b1b68d714d81af91b2b1f42c4c524afc0fe5"
url = "https://github.com/jdx/hk/releases/download/v1.58.1/hk-x86_64-unknown-linux-gnu.tar.gz"
url_api = "https://api.github.com/repos/jdx/hk/releases/assets/546232333"

[tools.hk."platforms.linux-x64-musl"]
checksum = "sha256:df8a97c000d59756c14096a550d211d7346c41abf2a20d394aaa0d9bc9695ef5"
url = "https://github.com/jdx/hk/releases/download/v1.58.1/hk-x86_64-unknown-linux-musl.tar.gz"
url_api = "https://api.github.com/repos/jdx/hk/releases/assets/546232335"

[tools.hk."platforms.macos-arm64"]
checksum = "sha256:5529d95c63ea3ba9318f551e19760998a9ddf7ed926a14daf39dc46717ab32bf"
url = "https://github.com/jdx/hk/releases/download/v1.58.1/hk-aarch64-apple-darwin.tar.gz"
url_api = "https://api.github.com/repos/jdx/hk/releases/assets/546232326"

[tools.hk."platforms.windows-x64"]
checksum = "sha256:fb11cf7aa477f3f0546cf66a05ac9a8563322500e5766f63c011ffb97f5c708d"
url = "https://github.com/jdx/hk/releases/download/v1.58.1/hk-x86_64-pc-windows-msvc.zip"
url_api = "https://api.github.com/repos/jdx/hk/releases/assets/546232325"

[[tools.mr-boxington]]
version = "1.8.3"
backend = "github:jdx/mr-boxington"

[tools.mr-boxington."platforms.linux-arm64"]
checksum = "sha256:c8c0e6ac85afcf17f7143df127337d8ee8fdc22f879bf812081d8958ee253937"
url = "https://github.com/jdx/mr-boxington/releases/download/v1.8.3/mbx-aarch64-unknown-linux-gnu.tar.gz"
url_api = "https://api.github.com/repos/jdx/mr-boxington/releases/assets/546079709"
provenance = "github-attestations"

[tools.mr-boxington."platforms.linux-arm64-musl"]
checksum = "sha256:6ce3e6efedc29b52c6daa873f63c98bc757aea89d0e576e3f76a13d3280b48dd"
url = "https://github.com/jdx/mr-boxington/releases/download/v1.8.3/mbx-aarch64-unknown-linux-musl.tar.gz"
url_api = "https://api.github.com/repos/jdx/mr-boxington/releases/assets/546079710"
provenance = "github-attestations"

[tools.mr-boxington."platforms.linux-x64"]
checksum = "sha256:62d122a4103ca286ef86a5c8429d21404f60e795345b8c853a9da0a18ef6dbde"
url = "https://github.com/jdx/mr-boxington/releases/download/v1.8.3/mbx-x86_64-unknown-linux-gnu.tar.gz"
url_api = "https://api.github.com/repos/jdx/mr-boxington/releases/assets/546079720"
provenance = "github-attestations"
provenance_verified = true

[tools.mr-boxington."platforms.linux-x64-musl"]
checksum = "sha256:b97fb1c3525fd772610c405b16da051fa6b6e55e499f16818c648414b1b53d2b"
url = "https://github.com/jdx/mr-boxington/releases/download/v1.8.3/mbx-x86_64-unknown-linux-musl.tar.gz"
url_api = "https://api.github.com/repos/jdx/mr-boxington/releases/assets/546079722"
provenance = "github-attestations"

[tools.mr-boxington."platforms.macos-arm64"]
checksum = "sha256:9b01044089551944d12c4412a85dc6788d216c9020aeaf501c405e6a90435596"
url = "https://github.com/jdx/mr-boxington/releases/download/v1.8.3/mbx-aarch64-apple-darwin.tar.gz"
url_api = "https://api.github.com/repos/jdx/mr-boxington/releases/assets/546079713"
provenance = "github-attestations"
provenance_verified = true

[tools.mr-boxington."platforms.windows-x64"]
checksum = "sha256:24dc00525b058f2bfb0bb17f47e9e50139e7a6a1ffd262616b550159ca53fe03"
url = "https://github.com/jdx/mr-boxington/releases/download/v1.8.3/mbx-x86_64-pc-windows-msvc.zip"
url_api = "https://api.github.com/repos/jdx/mr-boxington/releases/assets/546079718"
provenance = "github-attestations"

[[tools.node]]
version = "24.20.0"
backend = "core:node"

[tools.node."platforms.linux-arm64"]
checksum = "sha256:3515603e2487879a39bc75716f1a2affd027500c64ba50e845cf72cb33219013"
url = "https://nodejs.org/dist/v24.20.0/node-v24.20.0-linux-arm64.tar.gz"

[tools.node."platforms.linux-arm64-musl"]
checksum = "sha256:2c8c507ccb0f20812d9526ba8ca454b1652aadef68fc8bad06f07fb1122dd1ef"
url = "https://unofficial-builds.nodejs.org/download/release/v24.20.0/node-v24.20.0-linux-arm64-musl.tar.gz"

[tools.node."platforms.linux-x64"]
checksum = "sha256:855d581f8a4eb1a8117e3426de25fe02770592febcfb31369aee1ffbfee9e8ec"
url = "https://nodejs.org/dist/v24.20.0/node-v24.20.0-linux-x64.tar.gz"

[tools.node."platforms.linux-x64-musl"]
checksum = "sha256:9ae1399fef4bd8990e15773ce1327b336a20b9e97d8c7549f4f42ca73c43f562"
url = "https://unofficial-builds.nodejs.org/download/release/v24.20.0/node-v24.20.0-linux-x64-musl.tar.gz"

[tools.node."platforms.macos-arm64"]
checksum = "sha256:40e5607e5ecb3db9192723776da2d75d966260fc74a7a9e731c1bd67dda96bc8"
url = "https://nodejs.org/dist/v24.20.0/node-v24.20.0-darwin-arm64.tar.gz"

[tools.node."platforms.macos-x64"]
checksum = "sha256:9e5b2644cf107befb6aefca676b96d3296bc10138096f022ed378d6233ed81f4"
url = "https://nodejs.org/dist/v24.20.0/node-v24.20.0-darwin-x64.tar.gz"

[tools.node."platforms.windows-x64"]
checksum = "sha256:6cac9ffbca8f6a47091e4b5c772e0606049c3871cb67d900c0cedde630e545ba"
url = "https://nodejs.org/dist/v24.20.0/node-v24.20.0-win-x64.zip"

[[tools.pkl]]
version = "0.32.1"
backend = "aqua:apple/pkl"

[tools.pkl."platforms.linux-arm64"]
checksum = "sha256:a76d2dd47da435a8f911b0347373f47c7e59ea54fb75ff846d20b8df10dba058"
url = "https://github.com/apple/pkl/releases/download/0.32.1/pkl-linux-aarch64"
url_api = "https://api.github.com/repos/apple/pkl/releases/assets/487426568"

[tools.pkl."platforms.linux-arm64-musl"]
checksum = "sha256:a76d2dd47da435a8f911b0347373f47c7e59ea54fb75ff846d20b8df10dba058"
url = "https://github.com/apple/pkl/releases/download/0.32.1/pkl-linux-aarch64"
url_api = "https://api.github.com/repos/apple/pkl/releases/assets/487426568"

[tools.pkl."platforms.linux-x64"]
checksum = "sha256:3180b62da95c0cad1d904e9bb6c5f4a8f9032413c21e53194bb91ff1ee5f3211"
url = "https://github.com/apple/pkl/releases/download/0.32.1/pkl-linux-amd64"
url_api = "https://api.github.com/repos/apple/pkl/releases/assets/487426567"

[tools.pkl."platforms.linux-x64-musl"]
checksum = "sha256:3180b62da95c0cad1d904e9bb6c5f4a8f9032413c21e53194bb91ff1ee5f3211"
url = "https://github.com/apple/pkl/releases/download/0.32.1/pkl-linux-amd64"
url_api = "https://api.github.com/repos/apple/pkl/releases/assets/487426567"

[tools.pkl."platforms.macos-arm64"]
checksum = "sha256:563eb51c9a20b16a3625464ed745c675ed9750381f2126722696a0d7cac1d9d3"
url = "https://github.com/apple/pkl/releases/download/0.32.1/pkl-macos-aarch64"
url_api = "https://api.github.com/repos/apple/pkl/releases/assets/487426570"

[tools.pkl."platforms.macos-x64"]
checksum = "sha256:5b74b903234047960144f66f2cebdd12d267d9b98e8155ed91d2ae5ed27e2d1f"
url = "https://github.com/apple/pkl/releases/download/0.32.1/pkl-macos-amd64"
url_api = "https://api.github.com/repos/apple/pkl/releases/assets/487426599"

[tools.pkl."platforms.windows-x64"]
checksum = "sha256:8550a00fcf027335e42c5e2cd553b88e98845408cb1880b3e3d1860caf46d22a"
url = "https://github.com/apple/pkl/releases/download/0.32.1/pkl-windows-amd64.exe"
url_api = "https://api.github.com/repos/apple/pkl/releases/assets/487426668"

[[tools.rust]]
version = "stable"
backend = "core:rust"

[[tools.usage]]
version = "6.6.1"
backend = "aqua:jdx/usage"

[tools.usage."platforms.linux-arm64"]
checksum = "sha256:1828f1b23b8c0b0e587bf01e1c4204c3b2481571c0c14fcc82ce6dd761aba85f"
url = "https://github.com/jdx/usage/releases/download/v6.6.1/usage-aarch64-unknown-linux-gnu.tar.gz"
url_api = "https://api.github.com/repos/jdx/usage/releases/assets/539822349"

[tools.usage."platforms.linux-arm64-musl"]
checksum = "sha256:f04a1986e92d4d5043673a0c4b888a098cff84cc7ddcbd86fc4d06382cf0d224"
url = "https://github.com/jdx/usage/releases/download/v6.6.1/usage-aarch64-unknown-linux-musl.tar.gz"
url_api = "https://api.github.com/repos/jdx/usage/releases/assets/539822773"

[tools.usage."platforms.linux-x64"]
checksum = "sha256:f159816540a3b813d51458ff25344a888e772d9e03d13006140ec5b42023a06e"
url = "https://github.com/jdx/usage/releases/download/v6.6.1/usage-x86_64-unknown-linux-gnu.tar.gz"
url_api = "https://api.github.com/repos/jdx/usage/releases/assets/539822350"

[tools.usage."platforms.linux-x64-musl"]
checksum = "sha256:6a40c132fdc33a3ac738f5f488ace9945f387e945e2a9dc423006e7288d46dab"
url = "https://github.com/jdx/usage/releases/download/v6.6.1/usage-x86_64-unknown-linux-musl.tar.gz"
url_api = "https://api.github.com/repos/jdx/usage/releases/assets/539823684"

[tools.usage."platforms.macos-arm64"]
checksum = "sha256:2cd11077e8b62c65687c84eab29dae429985acfdea3847b3775a99677f5d6408"
url = "https://github.com/jdx/usage/releases/download/v6.6.1/usage-universal-apple-darwin.tar.gz"
url_api = "https://api.github.com/repos/jdx/usage/releases/assets/539847849"

[tools.usage."platforms.macos-x64"]
checksum = "sha256:2cd11077e8b62c65687c84eab29dae429985acfdea3847b3775a99677f5d6408"
url = "https://github.com/jdx/usage/releases/download/v6.6.1/usage-universal-apple-darwin.tar.gz"
url_api = "https://api.github.com/repos/jdx/usage/releases/assets/539847849"

[tools.usage."platforms.windows-x64"]
checksum = "sha256:ecfbf6c425e473fe6bf42e14cbf8ff9e0a87b5dce87f40754cea41ddbfabdd29"
url = "https://github.com/jdx/usage/releases/download/v6.6.1/usage-x86_64-pc-windows-msvc.zip"
url_api = "https://api.github.com/repos/jdx/usage/releases/assets/539826464"
