# @generated - this file is auto-generated by `mise lock` https://mise.jdx.dev/dev-tools/mise-lock.html

lockfile_version = 2

[[tools.aube]]
version = "2.3.0"
backend = "packslip:github.com/aubepkg/aube"
specifiers = ["latest"]

[tools.aube."platforms.linux-arm64"]
checksum = "sha256:79d492a53a053a035d5b7b83b2e351207a75dd149cd8d37ce941dd46b0d555da"
url = "https://github.com/aubepkg/aube/releases/download/v2.3.0/aube-v2.3.0-aarch64-unknown-linux-gnu.tar.gz"
signer = "sigstore-oidc:https://github.com/aubepkg/aube/.github/workflows/release-plz.yml"

[tools.aube."platforms.linux-arm64-musl"]
checksum = "sha256:97827683411004bbde9a53b2ff7f6b5f83c011a00a83def555115fd1a8526b85"
url = "https://github.com/aubepkg/aube/releases/download/v2.3.0/aube-v2.3.0-aarch64-unknown-linux-musl.tar.gz"
signer = "sigstore-oidc:https://github.com/aubepkg/aube/.github/workflows/release-plz.yml"

[tools.aube."platforms.linux-x64"]
checksum = "sha256:250a7e2cf657e5e42f4fcce3443fa06ce457863fbbd4d8ccb7cfeb16a345b84d"
url = "https://github.com/aubepkg/aube/releases/download/v2.3.0/aube-v2.3.0-x86_64-unknown-linux-gnu.tar.gz"
signer = "sigstore-oidc:https://github.com/aubepkg/aube/.github/workflows/release-plz.yml"

[tools.aube."platforms.linux-x64-musl"]
checksum = "sha256:d70968db310cd48975a45d2fe26c0e43fc1f8a8f97b647dfe4d02166183c6aa1"
url = "https://github.com/aubepkg/aube/releases/download/v2.3.0/aube-v2.3.0-x86_64-unknown-linux-musl.tar.gz"
signer = "sigstore-oidc:https://github.com/aubepkg/aube/.github/workflows/release-plz.yml"

[tools.aube."platforms.macos-arm64"]
checksum = "sha256:717638c2fb87e3230d84c548ee9509f3dd880966744702c3e0d0345f1937c9b1"
url = "https://github.com/aubepkg/aube/releases/download/v2.3.0/aube-v2.3.0-aarch64-apple-darwin.tar.gz"
signer = "sigstore-oidc:https://github.com/aubepkg/aube/.github/workflows/release-plz.yml"

[tools.aube."platforms.windows-x64"]
checksum = "sha256:a6b88d0ea8e364619adeb7b280fa2594e69fabe7362087ba0219113ba6af1e7e"
url = "https://github.com/aubepkg/aube/releases/download/v2.3.0/aube-v2.3.0-x86_64-pc-windows-msvc.zip"
signer = "sigstore-oidc:https://github.com/aubepkg/aube/.github/workflows/release-plz.yml"

[[tools.cargo-binstall]]
version = "1.23.0"
backend = "aqua:cargo-bins/cargo-binstall"
specifiers = ["latest"]

[tools.cargo-binstall."platforms.linux-arm64"]
checksum = "sha256:c458cfe9534d1958f159fc17b5f50e839297b4ee752b23ffdd80c5e15a734c42"
url = "https://github.com/cargo-bins/cargo-binstall/releases/download/v1.23.0/cargo-binstall-aarch64-unknown-linux-gnu.tgz"
url_api = "https://api.github.com/repos/cargo-bins/cargo-binstall/releases/assets/546062641"
provenance = "github-attestations"

[tools.cargo-binstall."platforms.linux-arm64-musl"]
checksum = "sha256:ba9b7bf426c7b7375825cd3fa367c3f8a632ca7c6c546fdcb738114b167f4103"
url = "https://github.com/cargo-bins/cargo-binstall/releases/download/v1.23.0/cargo-binstall-aarch64-unknown-linux-musl.tgz"
url_api = "https://api.github.com/repos/cargo-bins/cargo-binstall/releases/assets/546062597"
provenance = "github-attestations"

[tools.cargo-binstall."platforms.linux-x64"]
checksum = "sha256:cdada45ad6bb501185ab309f5eef3f628b6bc44460746565cb3e0c7538815bf3"
url = "https://github.com/cargo-bins/cargo-binstall/releases/download/v1.23.0/cargo-binstall-x86_64-unknown-linux-gnu.tgz"
url_api = "https://api.github.com/repos/cargo-bins/cargo-binstall/releases/assets/546062151"
provenance = "github-attestations"

[tools.cargo-binstall."platforms.linux-x64-musl"]
checksum = "sha256:64bf954c68bb558431deeabecaec7687edd5541c2189ee263bb8bc18bc4fdf55"
url = "https://github.com/cargo-bins/cargo-binstall/releases/download/v1.23.0/cargo-binstall-x86_64-unknown-linux-musl.tgz"
url_api = "https://api.github.com/repos/cargo-bins/cargo-binstall/releases/assets/546062088"
provenance = "github-attestations"

[tools.cargo-binstall."platforms.macos-arm64"]
checksum = "sha256:0f679c0bc992c6b84fdcbb0f65492588447d26596ef387cb6cb1ba41ad8ceb33"
url = "https://github.com/cargo-bins/cargo-binstall/releases/download/v1.23.0/cargo-binstall-aarch64-apple-darwin.zip"
url_api = "https://api.github.com/repos/cargo-bins/cargo-binstall/releases/assets/546062768"
provenance = "github-attestations"

[tools.cargo-binstall."platforms.macos-x64"]
checksum = "sha256:5b4d6cd99651318e17a26ed9bab7505de0f496d88793a7735a0fc6e2079efe83"
url = "https://github.com/cargo-bins/cargo-binstall/releases/download/v1.23.0/cargo-binstall-x86_64-apple-darwin.zip"
url_api = "https://api.github.com/repos/cargo-bins/cargo-binstall/releases/assets/546062270"
provenance = "github-attestations"

[tools.cargo-binstall."platforms.windows-x64"]
checksum = "sha256:f4641479477aca40387e88297e3813fab8e44a8d21f25faa44e0ff33e2bc1726"
url = "https://github.com/cargo-bins/cargo-binstall/releases/download/v1.23.0/cargo-binstall-x86_64-pc-windows-msvc.zip"
url_api = "https://api.github.com/repos/cargo-bins/cargo-binstall/releases/assets/546062212"
provenance = "github-attestations"

[[tools."cargo:cargo-nextest"]]
version = "0.9.145"
backend = "cargo:cargo-nextest"
specifiers = ["latest"]

[[tools.communique]]
version = "1.4.2"
backend = "packslip:github.com/jdx/communique"
specifiers = ["latest"]

[tools.communique."platforms.linux-arm64"]
checksum = "sha256:30199c0eeb0ff3214af9f25444eefbfa4b0e63ca5a6a76b84fee15ae36cd190e"
url = "https://github.com/jdx/communique/releases/download/v1.4.2/communique-aarch64-unknown-linux-gnu.tar.gz"
signer = "sigstore-oidc:https://github.com/jdx/communique/.github/workflows/release.yml"

[tools.communique."platforms.linux-arm64-musl"]
checksum = "sha256:ae0dfd79940e13b5b49a7bb00c34799c44a54062651e27e8ea39a23c2049fdac"
url = "https://github.com/jdx/communique/releases/download/v1.4.2/communique-aarch64-unknown-linux-musl.tar.gz"
signer = "sigstore-oidc:https://github.com/jdx/communique/.github/workflows/release.yml"

[tools.communique."platforms.linux-x64"]
checksum = "sha256:522e205e23c0ea7bb6752cf9eb22d8a16cf973ae3d7b807a91d826195d3edcdc"
url = "https://github.com/jdx/communique/releases/download/v1.4.2/communique-x86_64-unknown-linux-gnu.tar.gz"
signer = "sigstore-oidc:https://github.com/jdx/communique/.github/workflows/release.yml"

[tools.communique."platforms.linux-x64-musl"]
checksum = "sha256:d1f8c3abfe5041de1325d8f74d67c03473f05bb7343bb49ec534a108e4035dcc"
url = "https://github.com/jdx/communique/releases/download/v1.4.2/communique-x86_64-unknown-linux-musl.tar.gz"
signer = "sigstore-oidc:https://github.com/jdx/communique/.github/workflows/release.yml"

[tools.communique."platforms.macos-arm64"]
checksum = "sha256:e1327dc94074bddb5f1d66d2057ed0754766ac0a54656aa74260b6f24b594bf4"
url = "https://github.com/jdx/communique/releases/download/v1.4.2/communique-aarch64-apple-darwin.tar.gz"
signer = "sigstore-oidc:https://github.com/jdx/communique/.github/workflows/release.yml"

[tools.communique."platforms.windows-x64"]
checksum = "sha256:0d7b9a528a60584513460154b50a43d2eaa0b0218089ef5720c020367ea6c958"
url = "https://github.com/jdx/communique/releases/download/v1.4.2/communique-x86_64-pc-windows-msvc.zip"
signer = "sigstore-oidc:https://github.com/jdx/communique/.github/workflows/release.yml"

[[tools.hk]]
version = "2.1.0"
backend = "packslip:github.com/jdx/hk"
specifiers = ["latest"]

[tools.hk."platforms.linux-arm64"]
checksum = "sha256:7ffb155147a8a9dae1b571fb31a5d19a35d0175afb5fe3e5b2c652ebf67feb9f"
url = "https://github.com/jdx/hk/releases/download/v2.1.0/hk-aarch64-unknown-linux-gnu.tar.gz"
signer = "sigstore-oidc:https://github.com/jdx/hk/.github/workflows/release.yml"

[tools.hk."platforms.linux-arm64-musl"]
checksum = "sha256:8417655fd02f8311bcad9efab7594d4b6d7cca1c4d00cd1576f12ad5e40dac06"
url = "https://github.com/jdx/hk/releases/download/v2.1.0/hk-aarch64-unknown-linux-musl.tar.gz"
signer = "sigstore-oidc:https://github.com/jdx/hk/.github/workflows/release.yml"

[tools.hk."platforms.linux-x64"]
checksum = "sha256:7a7b28741d16f777d8be90fbcd8523996ee95c2d5222d5b173652d9b37e31969"
url = "https://github.com/jdx/hk/releases/download/v2.1.0/hk-x86_64-unknown-linux-gnu.tar.gz"
signer = "sigstore-oidc:https://github.com/jdx/hk/.github/workflows/release.yml"

[tools.hk."platforms.linux-x64-musl"]
checksum = "sha256:ab5a8fa2819fe3a1762576ac557b9797e1fe587b41a1f93c50e4dfa9f5b89e76"
url = "https://github.com/jdx/hk/releases/download/v2.1.0/hk-x86_64-unknown-linux-musl.tar.gz"
signer = "sigstore-oidc:https://github.com/jdx/hk/.github/workflows/release.yml"

[tools.hk."platforms.macos-arm64"]
checksum = "sha256:b30c6fb4447b5a9c24f9f80d165dca2d2e682907b8acb8222391e0527fea1ebe"
url = "https://github.com/jdx/hk/releases/download/v2.1.0/hk-aarch64-apple-darwin.tar.gz"
signer = "sigstore-oidc:https://github.com/jdx/hk/.github/workflows/release.yml"

[tools.hk."platforms.windows-x64"]
checksum = "sha256:c0344c09c76f7e25985c4770148130881b19313393d238949e5512ec3691fac3"
url = "https://github.com/jdx/hk/releases/download/v2.1.0/hk-x86_64-pc-windows-msvc.zip"
signer = "sigstore-oidc:https://github.com/jdx/hk/.github/workflows/release.yml"

[[tools.mr-boxington]]
version = "1.16.0"
backend = "packslip:github.com/jdx/mr-boxington"
specifiers = ["latest"]

[tools.mr-boxington."platforms.linux-arm64"]
checksum = "sha256:7c3b444fb5561e8ca35668249f4fe17160fcdaa0f7a58ff43d5d6b6ab8fc8adc"
url = "https://github.com/jdx/mr-boxington/releases/download/v1.16.0/mbx-aarch64-unknown-linux-gnu.tar.gz"
signer = "sigstore-oidc:https://github.com/jdx/mr-boxington/.github/workflows/release.yml"

[tools.mr-boxington."platforms.linux-arm64-musl"]
checksum = "sha256:01cce632e7bacacd78935226e778c5199f6942a55789645eb3e56c662f448792"
url = "https://github.com/jdx/mr-boxington/releases/download/v1.16.0/mbx-aarch64-unknown-linux-musl.tar.gz"
signer = "sigstore-oidc:https://github.com/jdx/mr-boxington/.github/workflows/release.yml"

[tools.mr-boxington."platforms.linux-x64"]
checksum = "sha256:98e94a424e947c052226d99b5bb192a774166818ee8266a0398b5a233b8745a5"
url = "https://github.com/jdx/mr-boxington/releases/download/v1.16.0/mbx-x86_64-unknown-linux-gnu.tar.gz"
signer = "sigstore-oidc:https://github.com/jdx/mr-boxington/.github/workflows/release.yml"

[tools.mr-boxington."platforms.linux-x64-musl"]
checksum = "sha256:be74eb96c62e774d90e8e036ed3d5541bde682802b11dfb1bf340d57276f5ab1"
url = "https://github.com/jdx/mr-boxington/releases/download/v1.16.0/mbx-x86_64-unknown-linux-musl.tar.gz"
signer = "sigstore-oidc:https://github.com/jdx/mr-boxington/.github/workflows/release.yml"

[tools.mr-boxington."platforms.macos-arm64"]
checksum = "sha256:b4e20f6059346c3d428c3dfeebb486a998df4bf2d5a03f71cdb620e3ff7b029b"
url = "https://github.com/jdx/mr-boxington/releases/download/v1.16.0/mbx-aarch64-apple-darwin.tar.gz"
signer = "sigstore-oidc:https://github.com/jdx/mr-boxington/.github/workflows/release.yml"

[tools.mr-boxington."platforms.windows-x64"]
checksum = "sha256:4ac772395b6346e3ea54fe7a899d7dfcfda3e57c3c0d58595fc6fcbaddaf67b9"
url = "https://github.com/jdx/mr-boxington/releases/download/v1.16.0/mbx-x86_64-pc-windows-msvc.zip"
signer = "sigstore-oidc:https://github.com/jdx/mr-boxington/.github/workflows/release.yml"

[[tools.node]]
version = "24.21.0"
backend = "core:node"
specifiers = ["24"]

[tools.node."platforms.linux-arm64"]
checksum = "sha256:724282c3b43aec998aa9527380465b45d229e021b58035f5f4f63095eabfe5d5"
url = "https://nodejs.org/dist/v24.21.0/node-v24.21.0-linux-arm64.tar.gz"

[tools.node."platforms.linux-arm64-musl"]
checksum = "sha256:3048b0811e158ca0d8672b59c839861763e144492980d8d29b369dfee45747e4"
url = "https://unofficial-builds.nodejs.org/download/release/v24.21.0/node-v24.21.0-linux-arm64-musl.tar.gz"

[tools.node."platforms.linux-x64"]
checksum = "sha256:6e1db87ef58b8819e5d5402eff1536491b18edd8eb7bee5ef7897876e88dc5ff"
url = "https://nodejs.org/dist/v24.21.0/node-v24.21.0-linux-x64.tar.gz"

[tools.node."platforms.linux-x64-musl"]
checksum = "sha256:01a713e34da98e7b4d2a3191ee7ca3f93dd0384d1a2ef23c379b2161ee6e133a"
url = "https://unofficial-builds.nodejs.org/download/release/v24.21.0/node-v24.21.0-linux-x64-musl.tar.gz"

[tools.node."platforms.macos-arm64"]
checksum = "sha256:bed7eea5325e1108f32ce5228ddd6a5f0f08a499ee42aa7442aea583702f6057"
url = "https://nodejs.org/dist/v24.21.0/node-v24.21.0-darwin-arm64.tar.gz"

[tools.node."platforms.macos-x64"]
checksum = "sha256:1462cb3b3046b815cf8ea436d3da450ec1a9f11dac7e5a46b0ada5305d7e8097"
url = "https://nodejs.org/dist/v24.21.0/node-v24.21.0-darwin-x64.tar.gz"

[tools.node."platforms.windows-x64"]
checksum = "sha256:158f7685b44de51f6c0df1d153526cbcd3e1bc739a8dfc607721cef75de9e541"
url = "https://nodejs.org/dist/v24.21.0/node-v24.21.0-win-x64.zip"

[[tools.pkl]]
version = "0.32.1"
backend = "aqua:apple/pkl"
specifiers = ["latest"]

[tools.pkl."platforms.linux-arm64"]
checksum = "sha256:a76d2dd47da435a8f911b0347373f47c7e59ea54fb75ff846d20b8df10dba058"
url = "https://github.com/apple/pkl/releases/download/0.32.1/pkl-linux-aarch64"
url_api = "https://api.github.com/repos/apple/pkl/releases/assets/487426568"

[tools.pkl."platforms.linux-arm64-musl"]
checksum = "sha256:a76d2dd47da435a8f911b0347373f47c7e59ea54fb75ff846d20b8df10dba058"
url = "https://github.com/apple/pkl/releases/download/0.32.1/pkl-linux-aarch64"
url_api = "https://api.github.com/repos/apple/pkl/releases/assets/487426568"

[tools.pkl."platforms.linux-x64"]
checksum = "sha256:3180b62da95c0cad1d904e9bb6c5f4a8f9032413c21e53194bb91ff1ee5f3211"
url = "https://github.com/apple/pkl/releases/download/0.32.1/pkl-linux-amd64"
url_api = "https://api.github.com/repos/apple/pkl/releases/assets/487426567"

[tools.pkl."platforms.linux-x64-musl"]
checksum = "sha256:3180b62da95c0cad1d904e9bb6c5f4a8f9032413c21e53194bb91ff1ee5f3211"
url = "https://github.com/apple/pkl/releases/download/0.32.1/pkl-linux-amd64"
url_api = "https://api.github.com/repos/apple/pkl/releases/assets/487426567"

[tools.pkl."platforms.macos-arm64"]
checksum = "sha256:563eb51c9a20b16a3625464ed745c675ed9750381f2126722696a0d7cac1d9d3"
url = "https://github.com/apple/pkl/releases/download/0.32.1/pkl-macos-aarch64"
url_api = "https://api.github.com/repos/apple/pkl/releases/assets/487426570"

[tools.pkl."platforms.macos-x64"]
checksum = "sha256:5b74b903234047960144f66f2cebdd12d267d9b98e8155ed91d2ae5ed27e2d1f"
url = "https://github.com/apple/pkl/releases/download/0.32.1/pkl-macos-amd64"
url_api = "https://api.github.com/repos/apple/pkl/releases/assets/487426599"

[tools.pkl."platforms.windows-x64"]
checksum = "sha256:8550a00fcf027335e42c5e2cd553b88e98845408cb1880b3e3d1860caf46d22a"
url = "https://github.com/apple/pkl/releases/download/0.32.1/pkl-windows-amd64.exe"
url_api = "https://api.github.com/repos/apple/pkl/releases/assets/487426668"

[[tools.rush]]
version = "0.10.0"
backend = "aqua:shenwei356/rush"
specifiers = ["latest"]

[tools.rush."platforms.linux-arm64"]
checksum = "sha256:7bdb02a1a0c3ff8a61204cdb09d7ba57a9f4585d8c78bccec00f41e303156f98"
url = "https://github.com/shenwei356/rush/releases/download/v0.10.0/rush_linux_arm64.tar.gz"
url_api = "https://api.github.com/repos/shenwei356/rush/releases/assets/559524066"

[tools.rush."platforms.linux-arm64-musl"]
checksum = "sha256:7bdb02a1a0c3ff8a61204cdb09d7ba57a9f4585d8c78bccec00f41e303156f98"
url = "https://github.com/shenwei356/rush/releases/download/v0.10.0/rush_linux_arm64.tar.gz"
url_api = "https://api.github.com/repos/shenwei356/rush/releases/assets/559524066"

[tools.rush."platforms.linux-x64"]
checksum = "sha256:495c7c914345417cd6dec0aadcbebb28f895ecf714bb6e5465f7283e90c62969"
url = "https://github.com/shenwei356/rush/releases/download/v0.10.0/rush_linux_amd64.tar.gz"
url_api = "https://api.github.com/repos/shenwei356/rush/releases/assets/559523927"

[tools.rush."platforms.linux-x64-musl"]
checksum = "sha256:495c7c914345417cd6dec0aadcbebb28f895ecf714bb6e5465f7283e90c62969"
url = "https://github.com/shenwei356/rush/releases/download/v0.10.0/rush_linux_amd64.tar.gz"
url_api = "https://api.github.com/repos/shenwei356/rush/releases/assets/559523927"

[tools.rush."platforms.macos-arm64"]
checksum = "sha256:e4c83546830977ccd4ea55ed1412c3e10bca518628113d9bce94fdcef7fd59f3"
url = "https://github.com/shenwei356/rush/releases/download/v0.10.0/rush_darwin_arm64.tar.gz"
url_api = "https://api.github.com/repos/shenwei356/rush/releases/assets/559523078"

[tools.rush."platforms.macos-x64"]
checksum = "sha256:d6b606e5a05ed6750d9016a15ed41c4fd7696d92302ebf317b0b2e752c27951f"
url = "https://github.com/shenwei356/rush/releases/download/v0.10.0/rush_darwin_amd64.tar.gz"
url_api = "https://api.github.com/repos/shenwei356/rush/releases/assets/559522722"

[tools.rush."platforms.windows-x64"]
checksum = "sha256:c93f3ea86610258de5a920b641c7c127916faacdffab3f8f9198c79d3c551400"
url = "https://github.com/shenwei356/rush/releases/download/v0.10.0/rush_windows_amd64.exe.tar.gz"
url_api = "https://api.github.com/repos/shenwei356/rush/releases/assets/559524683"

[[tools.rust]]
version = "stable"
backend = "core:rust"
specifiers = ["stable"]

[[tools.tak]]
version = "0.0.10"
backend = "github:jdx/tak"
specifiers = ["latest"]

[tools.tak."platforms.linux-arm64"]
checksum = "sha256:525a4796db332f9f865063820095306efc5ed698ec3e7714e2185f26344335bd"
url = "https://github.com/jdx/tak/releases/download/v0.0.10/tak-aarch64-unknown-linux-gnu.tar.gz"
url_api = "https://api.github.com/repos/jdx/tak/releases/assets/545781784"
provenance = "github-attestations"

[tools.tak."platforms.linux-arm64-musl"]
checksum = "sha256:ca8a988a994a9053084c5461be1d450bf164081608a6fea5e1ecfcc566470816"
url = "https://github.com/jdx/tak/releases/download/v0.0.10/tak-aarch64-unknown-linux-musl.tar.gz"
url_api = "https://api.github.com/repos/jdx/tak/releases/assets/545781786"
provenance = "github-attestations"

[tools.tak."platforms.linux-x64"]
checksum = "sha256:56fe41af8906be449806e4fb199b46ab653e75540265631ba25c633259df5460"
url = "https://github.com/jdx/tak/releases/download/v0.0.10/tak-x86_64-unknown-linux-gnu.tar.gz"
url_api = "https://api.github.com/repos/jdx/tak/releases/assets/545781794"
provenance = "github-attestations"

[tools.tak."platforms.linux-x64-musl"]
checksum = "sha256:3128ec683a75b1848ac74dc7e0f4673cbd24be10981bb9e6a04f2778ee4f0b7b"
url = "https://github.com/jdx/tak/releases/download/v0.0.10/tak-x86_64-unknown-linux-musl.tar.gz"
url_api = "https://api.github.com/repos/jdx/tak/releases/assets/545781793"
provenance = "github-attestations"

[tools.tak."platforms.macos-arm64"]
checksum = "sha256:2d0dcb013e5c364b6bcc233a19398dd09450552995547060dd9cc10ebc04a731"
url = "https://github.com/jdx/tak/releases/download/v0.0.10/tak-aarch64-apple-darwin.tar.gz"
url_api = "https://api.github.com/repos/jdx/tak/releases/assets/545781785"
provenance = "github-attestations"

[tools.tak."platforms.windows-x64"]
checksum = "sha256:02e352f1ac7285785857afc882cfddf98035da7fe2f0c2769acbd1f1f3e1624b"
url = "https://github.com/jdx/tak/releases/download/v0.0.10/tak-x86_64-pc-windows-msvc.zip"
url_api = "https://api.github.com/repos/jdx/tak/releases/assets/545781790"
provenance = "github-attestations"

[[tools.usage]]
version = "6.11.1"
backend = "packslip:github.com/jdx/usage"
specifiers = ["latest"]

[tools.usage."platforms.linux-arm64"]
checksum = "sha256:90622145566409da24d282190ad17cc786c85d498d751543824ab62931705018"
url = "https://github.com/jdx/usage/releases/download/v6.11.1/usage-aarch64-unknown-linux-gnu.tar.gz"
signer = "sigstore-oidc:https://github.com/jdx/usage/.github/workflows/publish-cli.yml"

[tools.usage."platforms.linux-arm64-musl"]
checksum = "sha256:b8903edb0accb76576a9a454900388d629dff9a35186e653c4e5b48e622e62c0"
url = "https://github.com/jdx/usage/releases/download/v6.11.1/usage-aarch64-unknown-linux-musl.tar.gz"
signer = "sigstore-oidc:https://github.com/jdx/usage/.github/workflows/publish-cli.yml"

[tools.usage."platforms.linux-x64"]
checksum = "sha256:afa6cb0e76f88cc6392aeecf21bbcd869747d4eeb60ab84c98d6e6178edc359a"
url = "https://github.com/jdx/usage/releases/download/v6.11.1/usage-x86_64-unknown-linux-gnu.tar.gz"
signer = "sigstore-oidc:https://github.com/jdx/usage/.github/workflows/publish-cli.yml"

[tools.usage."platforms.linux-x64-musl"]
checksum = "sha256:7b37d1d36b310857908e508802db6c6b670555cf25cd0b990f09ee40cb11247b"
url = "https://github.com/jdx/usage/releases/download/v6.11.1/usage-x86_64-unknown-linux-musl.tar.gz"
signer = "sigstore-oidc:https://github.com/jdx/usage/.github/workflows/publish-cli.yml"

[tools.usage."platforms.macos-arm64"]
checksum = "sha256:e3a20b948f2665862dcbaddfc50d62ac741654e3cdd815130a6fae00b3d088ff"
url = "https://github.com/jdx/usage/releases/download/v6.11.1/usage-universal-apple-darwin.tar.gz"
signer = "sigstore-oidc:https://github.com/jdx/usage/.github/workflows/publish-cli.yml"

[tools.usage."platforms.macos-x64"]
checksum = "sha256:e3a20b948f2665862dcbaddfc50d62ac741654e3cdd815130a6fae00b3d088ff"
url = "https://github.com/jdx/usage/releases/download/v6.11.1/usage-universal-apple-darwin.tar.gz"
signer = "sigstore-oidc:https://github.com/jdx/usage/.github/workflows/publish-cli.yml"

[tools.usage."platforms.windows-x64"]
checksum = "sha256:783ce7539b1145f1860054352067e5da70bfac1ceeba3c9f3cb912477068f99d"
url = "https://github.com/jdx/usage/releases/download/v6.11.1/usage-x86_64-pc-windows-msvc.zip"
signer = "sigstore-oidc:https://github.com/jdx/usage/.github/workflows/publish-cli.yml"
