lockfileVersion: '9.0'

settings:
  autoInstallPeers: true
  excludeLinksFromLockfile: false

time:
  '@babel/helper-string-parser@7.29.7': 2026-05-25T11:15:30.727Z
  '@babel/helper-validator-identifier@7.29.7': 2026-05-25T11:15:31.539Z
  '@babel/parser@7.29.7': 2026-05-25T11:16:19.169Z
  '@babel/types@7.29.7': 2026-05-25T11:16:16.748Z
  '@esbuild/darwin-arm64@0.25.12': 2025-11-01T23:35:24.340Z
  '@esbuild/linux-arm64@0.25.12': 2025-11-01T23:36:01.216Z
  '@esbuild/linux-x64@0.25.12': 2025-11-01T23:35:50.345Z
  '@esbuild/win32-arm64@0.25.12': 2025-11-01T23:35:00.014Z
  '@esbuild/win32-x64@0.25.12': 2025-11-01T23:34:59.445Z
  '@jridgewell/sourcemap-codec@1.5.5': 2025-08-12T06:43:59.139Z
  '@rolldown/pluginutils@1.0.1': 2026-05-13T03:52:29.927Z
  '@rollup/rollup-darwin-arm64@4.61.1': 2026-06-04T05:21:51.789Z
  '@rollup/rollup-linux-arm64-gnu@4.61.1': 2026-06-04T05:22:09.235Z
  '@rollup/rollup-linux-arm64-musl@4.61.1': 2026-06-04T05:22:13.526Z
  '@rollup/rollup-linux-x64-gnu@4.61.1': 2026-06-04T05:23:24.302Z
  '@rollup/rollup-linux-x64-musl@4.61.1': 2026-06-04T05:23:28.085Z
  '@rollup/rollup-win32-arm64-msvc@4.61.1': 2026-06-04T05:22:00.970Z
  '@rollup/rollup-win32-x64-gnu@4.61.1': 2026-06-04T05:23:09.310Z
  '@rollup/rollup-win32-x64-msvc@4.61.1': 2026-06-04T05:23:15.648Z
  '@types/estree@1.0.9': 2026-05-06T21:01:00.975Z
  '@vitejs/plugin-vue@6.0.7': 2026-05-15T04:07:59.852Z
  '@volar/language-core@2.4.28': 2026-01-31T07:42:36.190Z
  '@volar/source-map@2.4.28': 2026-01-31T07:42:30.799Z
  '@volar/typescript@2.4.28': 2026-01-31T07:42:40.679Z
  '@vue/compiler-core@3.5.38': 2026-06-11T08:00:14.373Z
  '@vue/compiler-dom@3.5.38': 2026-06-11T08:00:18.559Z
  '@vue/compiler-sfc@3.5.38': 2026-06-11T08:00:23.002Z
  '@vue/compiler-ssr@3.5.38': 2026-06-11T08:00:26.931Z
  '@vue/devtools-api@6.6.4': 2024-09-09T12:41:03.053Z
  '@vue/language-core@3.3.4': 2026-06-08T03:49:37.464Z
  '@vue/reactivity@3.5.38': 2026-06-11T08:00:31.013Z
  '@vue/runtime-core@3.5.38': 2026-06-11T08:00:35.224Z
  '@vue/runtime-dom@3.5.38': 2026-06-11T08:00:39.147Z
  '@vue/server-renderer@3.5.38': 2026-06-11T08:00:43.176Z
  '@vue/shared@3.5.38': 2026-06-11T08:00:47.297Z
  '@vue/tsconfig@0.9.1': 2026-03-24T01:43:34.778Z
  alien-signals@3.2.1: 2026-05-14T14:29:07.122Z
  copy-anything@3.0.5: 2023-05-23T02:23:05.454Z
  csstype@3.2.3: 2025-11-17T11:42:27.045Z
  entities@7.0.1: 2026-01-21T13:46:30.165Z
  errno@0.1.8: 2020-12-16T12:46:03.813Z
  esbuild@0.25.12: 2025-11-01T23:36:22.605Z
  estree-walker@2.0.2: 2020-12-08T17:07:42.670Z
  fdir@6.5.0: 2025-08-14T16:56:03.948Z
  fsevents@2.3.3: 2023-08-21T16:24:22.854Z
  graceful-fs@4.2.11: 2023-03-16T19:30:19.323Z
  iconv-lite@0.6.3: 2021-05-24T03:00:17.928Z
  image-size@0.5.5: 2017-06-12T08:19:15.148Z
  is-what@4.1.16: 2023-10-26T04:56:54.839Z
  less@4.6.4: 2026-03-13T21:41:48.791Z
  magic-string@0.30.21: 2025-10-24T00:59:47.122Z
  make-dir@2.1.0: 2019-03-03T19:40:20.829Z
  mime@1.6.0: 2017-11-25T00:53:19.104Z
  muggle-string@0.4.1: 2023-12-06T03:29:14.162Z
  nanoid@3.3.12: 2026-04-30T22:04:14.515Z
  needle@3.5.0: 2026-03-12T22:24:55.522Z
  parse-node-version@1.0.1: 2019-01-30T02:58:43.628Z
  path-browserify@1.0.1: 2020-03-03T16:52:38.480Z
  picocolors@1.1.1: 2024-10-16T18:20:03.921Z
  picomatch@4.0.4: 2026-03-23T20:39:47.960Z
  pify@4.0.1: 2018-10-22T12:58:59.524Z
  postcss@8.5.15: 2026-05-19T09:51:29.843Z
  prr@1.0.1: 2014-07-22T06:50:49.598Z
  rollup@4.61.1: 2026-06-04T05:23:41.959Z
  safer-buffer@2.1.2: 2018-04-08T10:42:42.130Z
  sax@1.6.0: 2026-03-17T01:32:31.446Z
  semver@5.7.2: 2023-07-10T19:57:47.111Z
  source-map-js@1.2.1: 2024-09-08T16:22:55.645Z
  source-map@0.6.1: 2017-09-29T14:42:30.948Z
  tinyglobby@0.2.17: 2026-05-30T19:57:21.717Z
  typescript@6.0.3: 2026-04-16T23:38:27.905Z
  vite@6.4.3: 2026-06-01T10:37:49.281Z
  vscode-uri@3.1.0: 2025-02-04T18:18:11.908Z
  vue-router@4.6.4: 2025-12-11T15:14:37.298Z
  vue-sonner@2.0.9: 2025-10-01T09:54:48.067Z
  vue-tsc@3.3.4: 2026-06-08T03:49:40.790Z
  vue@3.5.38: 2026-06-11T08:00:56.469Z

importers:

  .:
    dependencies:
      vue:
        specifier: ^3.5.13
        version: 3.5.38(typescript@6.0.3)
      vue-router:
        specifier: ^4.5.0
        version: 4.6.4(vue@3.5.38(typescript@6.0.3))
      vue-sonner:
        specifier: ^2.0.9
        version: 2.0.9
    devDependencies:
      '@vitejs/plugin-vue':
        specifier: ^6.0.0
        version: 6.0.7(vite@6.4.3(less@4.6.4))(vue@3.5.38(typescript@6.0.3))
      '@vue/tsconfig':
        specifier: ^0.9.0
        version: 0.9.1(typescript@6.0.3)(vue@3.5.38(typescript@6.0.3))
      less:
        specifier: ^4.6.4
        version: 4.6.4
      typescript:
        specifier: ~6.0.0
        version: 6.0.3
      vite:
        specifier: ^6.0.0
        version: 6.4.3(less@4.6.4)
      vue-tsc:
        specifier: ^3.0.0
        version: 3.3.4(typescript@6.0.3)

packages:

  '@babel/helper-string-parser@7.29.7':
    resolution: {integrity: sha512-Pb5ijPrZ89GDH8223L4UP8i6QApWxs04RbPQJTeWDV0/keR2E36MeKnyr6LYmUUvqRRI+Iv87SuF1W6ErINzYw==}
    engines: {node: '>=6.9.0'}

  '@babel/helper-validator-identifier@7.29.7':
    resolution: {integrity: sha512-qehxGkRj55h/ff8EMaJ+cYhyaKlHIxqYDn682wQD7RNp9UujOQsHog2uS0r2vzr4pW+sXf90NeeayjcNaX3fFg==}
    engines: {node: '>=6.9.0'}

  '@babel/parser@7.29.7':
    resolution: {integrity: sha512-hnORnjP/1P/zFEndoeX+n+t1RwWRJiJpM/jO7FW32Kn9r5+sJB2JWOdYo4L6k78j15eCwY3Gm/7364B1EMwtNg==}
    engines: {node: '>=6.0.0'}
    hasBin: true

  '@babel/types@7.29.7':
    resolution: {integrity: sha512-4zBIxpPzowiZpusoFkyGVwakdRJUyuH5PxQ/PrqghfdFWWasvnCdPfQXHrenDai+gyLARulZjZowCOj6fjT4pA==}
    engines: {node: '>=6.9.0'}

  '@esbuild/darwin-arm64@0.25.12':
    resolution: {integrity: sha512-N3zl+lxHCifgIlcMUP5016ESkeQjLj/959RxxNYIthIg+CQHInujFuXeWbWMgnTo4cp5XVHqFPmpyu9J65C1Yg==}
    engines: {node: '>=18'}
    os:
    - darwin
    cpu:
    - arm64

  '@esbuild/linux-arm64@0.25.12':
    resolution: {integrity: sha512-8bwX7a8FghIgrupcxb4aUmYDLp8pX06rGh5HqDT7bB+8Rdells6mHvrFHHW2JAOPZUbnjUpKTLg6ECyzvas2AQ==}
    engines: {node: '>=18'}
    os:
    - linux
    cpu:
    - arm64

  '@esbuild/linux-x64@0.25.12':
    resolution: {integrity: sha512-uqZMTLr/zR/ed4jIGnwSLkaHmPjOjJvnm6TVVitAa08SLS9Z0VM8wIRx7gWbJB5/J54YuIMInDquWyYvQLZkgw==}
    engines: {node: '>=18'}
    os:
    - linux
    cpu:
    - x64

  '@esbuild/win32-arm64@0.25.12':
    resolution: {integrity: sha512-rMmLrur64A7+DKlnSuwqUdRKyd3UE7oPJZmnljqEptesKM8wx9J8gx5u0+9Pq0fQQW8vqeKebwNXdfOyP+8Bsg==}
    engines: {node: '>=18'}
    os:
    - win32
    cpu:
    - arm64

  '@esbuild/win32-x64@0.25.12':
    resolution: {integrity: sha512-alJC0uCZpTFrSL0CCDjcgleBXPnCrEAhTBILpeAp7M/OFgoqtAetfBzX0xM00MUsVVPpVjlPuMbREqnZCXaTnA==}
    engines: {node: '>=18'}
    os:
    - win32
    cpu:
    - x64

  '@jridgewell/sourcemap-codec@1.5.5':
    resolution: {integrity: sha512-cYQ9310grqxueWbl+WuIUIaiUaDcj7WOq5fVhEljNVgRfOUhY9fy2zTvfoqWsnebh8Sl70VScFbICvJnLKB0Og==}

  '@rolldown/pluginutils@1.0.1':
    resolution: {integrity: sha512-2j9bGt5Jh8hj+vPtgzPtl72j0yRxHAyumoo6TNfAjsLB04UtpSvPbPcDcBMxz7n+9CYB0c1GxQFxYRg2jimqGw==}

  '@rollup/rollup-darwin-arm64@4.61.1':
    resolution: {integrity: sha512-0F1L/Z3Eqv8mT2n3dCpeO8GcTvHvVqkP5/t6DMsn0KzhYVcg+s7Ncl5DS8qjKYEeio6Az0Gt6nyBORay5qIlCA==}
    os:
    - darwin
    cpu:
    - arm64

  '@rollup/rollup-linux-arm64-gnu@4.61.1':
    resolution: {integrity: sha512-x5Xr49hwt3hdW75UOZm3395YwwzPyauktslv29KpWL/T+vVAzoT3azLcTWv0eMciBNrx+DYjH4paehHoLpPvpg==}
    os:
    - linux
    cpu:
    - arm64
    libc:
    - glibc

  '@rollup/rollup-linux-arm64-musl@4.61.1':
    resolution: {integrity: sha512-unMS3H73DpaoPyyEVPjGKleM/s0mkmsauTENpw4INQY8y4+IuLNjkueQ5QCtC0D3N38Y38yhAU8OoZ20S2Tm6w==}
    os:
    - linux
    cpu:
    - arm64
    libc:
    - musl

  '@rollup/rollup-linux-x64-gnu@4.61.1':
    resolution: {integrity: sha512-bVWIOIk6pV01p4CdUbPP7CJ/434z+OooYjDuFcR+44N35YvKUC66G8MGnvcWx5mWKW3g61J+t74l3Kj15Kwn2Q==}
    os:
    - linux
    cpu:
    - x64
    libc:
    - glibc

  '@rollup/rollup-linux-x64-musl@4.61.1':
    resolution: {integrity: sha512-qy5pBvZbqNFheBz61R1rzsezjm0J7O2oNGoWtGoY89SZYLUfxAJTBAqDChqAIdB4rCiIbi9nF7yZ83GnNiLwSw==}
    os:
    - linux
    cpu:
    - x64
    libc:
    - musl

  '@rollup/rollup-win32-arm64-msvc@4.61.1':
    resolution: {integrity: sha512-ArMl38iVAbk0New1ogihQNY6iphLi4ZaRsa037gUzv5yeKPY8TD3Dmy4x2RNC1VztU/uqm+G+/RwFrSka3Oy2g==}
    os:
    - win32
    cpu:
    - arm64

  '@rollup/rollup-win32-x64-gnu@4.61.1':
    resolution: {integrity: sha512-gK1iCEPfpoSG9wfBihXxvBMi8ZfcWffYkEsC/Eih+iFENTaewvNcrEQ69lIOWYO5pePHKLHHO7nq5AILGO/HQQ==}
    os:
    - win32
    cpu:
    - x64

  '@rollup/rollup-win32-x64-msvc@4.61.1':
    resolution: {integrity: sha512-X+zaP2x+j4RXGfbp/seSoRHWnPxzApilDszisZxbYH5C/jTxFhCtDNdPGZb9lJyYPs24wGxruPF7Y+sIXt9Gzw==}
    os:
    - win32
    cpu:
    - x64

  '@types/estree@1.0.9':
    resolution: {integrity: sha512-GhdPgy1el4/ImP05X05Uw4cw2/M93BCUmnEvWZNStlCzEKME4Fkk+YpoA5OiHNQmoS7Cafb8Xa3Pya8m1Qrzeg==}

  '@vitejs/plugin-vue@6.0.7':
    resolution: {integrity: sha512-km+p+XdSz9Sxm5rqUbqcSfZYaAniKxWBj1KURl+Jr7UaPvvX7BmaWMdP69I5rrFDeQGyxAG7NXdc57vz+snhWg==}
    engines: {node: ^20.19.0 || >=22.12.0}
    peerDependencies:
      vite: ^5.0.0 || ^6.0.0 || ^7.0.0 || ^8.0.0
      vue: ^3.2.25

  '@volar/language-core@2.4.28':
    resolution: {integrity: sha512-w4qhIJ8ZSitgLAkVay6AbcnC7gP3glYM3fYwKV3srj8m494E3xtrCv6E+bWviiK/8hs6e6t1ij1s2Endql7vzQ==}

  '@volar/source-map@2.4.28':
    resolution: {integrity: sha512-yX2BDBqJkRXfKw8my8VarTyjv48QwxdJtvRgUpNE5erCsgEUdI2DsLbpa+rOQVAJYshY99szEcRDmyHbF10ggQ==}

  '@volar/typescript@2.4.28':
    resolution: {integrity: sha512-Ja6yvWrbis2QtN4ClAKreeUZPVYMARDYZl9LMEv1iQ1QdepB6wn0jTRxA9MftYmYa4DQ4k/DaSZpFPUfxl8giw==}

  '@vue/compiler-core@3.5.38':
    resolution: {integrity: sha512-s99aGxWYig9ErHbct27KXEGhrBYlRI6c4MwAgXErOAbX9xiW37/uMa+XUDO69zLz83dng8UUZ70CTOJrLrYrEQ==}

  '@vue/compiler-dom@3.5.38':
    resolution: {integrity: sha512-JTqp25l8aFfJYF7/KmsXZjAxJz7T+SjmTJLoXVjHtc2BrSgSiW2n9Aem/cWq1OPe68A8JL06B3eVdhlP0H4TVw==}

  '@vue/compiler-sfc@3.5.38':
    resolution: {integrity: sha512-DuA2GiZawSEW442iw/9+Fkol8hTgb4Ke5KkhmSry65QA7YuyMbIdy8p0XZRMvNwJdgRz307W8g1CSzdvS4nuNg==}

  '@vue/compiler-ssr@3.5.38':
    resolution: {integrity: sha512-7s+W5Gc42FGxZMcuwl8H5B29T8BJPMdBT7KHFE+BbAuZ/iTEdTtv7z2XiMjiaUUw4w3ZcCEdHs36RuYJ2VA7bA==}

  '@vue/devtools-api@6.6.4':
    resolution: {integrity: sha512-sGhTPMuXqZ1rVOk32RylztWkfXTRhuS7vgAKv0zjqk8gbsHkJ7xfFf+jbySxt7tWObEJwyKaHMikV/WGDiQm8g==}

  '@vue/language-core@3.3.4':
    resolution: {integrity: sha512-IuHqQ5zGGOE7CXP72VX6A42IVeIzYv4WAhO6arej11TRNqtdZfGyH8Yr2FOCaDX0dSQG+JwULLoFHGY1igYVjQ==}

  '@vue/reactivity@3.5.38':
    resolution: {integrity: sha512-pG6LV/NDNRbKizcUjFFLAfjaL8mcv4DmR9avNcUw2gDHBzZneuS2TWCmp633ynzxz9YYKNeEPK2I8Wraqy2HUQ==}

  '@vue/runtime-core@3.5.38':
    resolution: {integrity: sha512-iyW8WVfF1CpCXxncZY5Ei6rSd6oZr5DgEom//fUjRBRl56AXPD+s9ATvukRt77ZFTuYlnVA1bxY+dJB94tWVYw==}

  '@vue/runtime-dom@3.5.38':
    resolution: {integrity: sha512-apX2wt9sdfDshS+a2xueFZLVpt0GkRJZSoPmrW/SA4yzXTznhfcMVW59gr7h4YQeY0vJhdJkk2rsIDwgfFgC5A==}

  '@vue/server-renderer@3.5.38':
    resolution: {integrity: sha512-vue8vbf2QlV4quHqzwmJy6dWfmRhP1J8l4wtZg60CL6VoKqcPY2oe7may3+1d9qfpedjK5PRLFqd5k3Isj9mUw==}
    peerDependencies:
      vue: 3.5.38

  '@vue/shared@3.5.38':
    resolution: {integrity: sha512-FTW0AFZNaK5/mOqvGBwVfUlNLU38TiQn4+DQgIFUnrBBJQ1crMJ82yeGQLV5jyKFsO8yRukpbuP7x+nRbH6aug==}

  '@vue/tsconfig@0.9.1':
    resolution: {integrity: sha512-buvjm+9NzLCJL29KY1j1991YYJ5e6275OiK+G4jtmfIb+z4POywbdm0wXusT9adVWqe0xqg70TbI7+mRx4uU9w==}
    peerDependencies:
      typescript: '>= 5.8'
      vue: ^3.4.0
    peerDependenciesMeta:
      typescript:
        optional: true
      vue:
        optional: true

  alien-signals@3.2.1:
    resolution: {integrity: sha512-I8FjmltrfnDFoZedi5CG8DghVYNhzb/Ijluz7tCSJH0xpd0484Kowhbb1XDYOxfJpU1p5wnM2X54dA+IfGyD1g==}

  copy-anything@3.0.5:
    resolution: {integrity: sha512-yCEafptTtb4bk7GLEQoM8KVJpxAfdBJYaXyzQEgQQQgYrZiDp8SJmGKlYza6CYjEDNstAdNdKA3UuoULlEbS6w==}
    engines: {node: '>=12.13'}

  csstype@3.2.3:
    resolution: {integrity: sha512-z1HGKcYy2xA8AGQfwrn0PAy+PB7X/GSj3UVJW9qKyn43xWa+gl5nXmU4qqLMRzWVLFC8KusUX8T/0kCiOYpAIQ==}

  entities@7.0.1:
    resolution: {integrity: sha512-TWrgLOFUQTH994YUyl1yT4uyavY5nNB5muff+RtWaqNVCAK408b5ZnnbNAUEWLTCpum9w6arT70i1XdQ4UeOPA==}
    engines: {node: '>=0.12'}

  errno@0.1.8:
    resolution: {integrity: sha512-dJ6oBr5SQ1VSd9qkk7ByRgb/1SH4JZjCHSW/mr63/QcXO9zLVxvJ6Oy13nio03rxpSnVDDjFor75SjVeZWPW/A==}
    hasBin: true

  esbuild@0.25.12:
    resolution: {integrity: sha512-bbPBYYrtZbkt6Os6FiTLCTFxvq4tt3JKall1vRwshA3fdVztsLAatFaZobhkBC8/BrPetoa0oksYoKXoG4ryJg==}
    engines: {node: '>=18'}
    hasBin: true

  estree-walker@2.0.2:
    resolution: {integrity: sha512-Rfkk/Mp/DL7JVje3u18FxFujQlTNR2q6QfMSMB7AvCBx91NGj/ba3kCfza0f6dVDbw7YlRf/nDrn7pQrCCyQ/w==}

  fdir@6.5.0:
    resolution: {integrity: sha512-tIbYtZbucOs0BRGqPJkshJUYdL+SDH7dVM8gjy+ERp3WAUjLEFJE+02kanyHtwjWOnwrKYBiwAmM0p4kLJAnXg==}
    engines: {node: '>=12.0.0'}
    peerDependencies:
      picomatch: ^3 || ^4
    peerDependenciesMeta:
      picomatch:
        optional: true

  fsevents@2.3.3:
    resolution: {integrity: sha512-5xoDfX+fL7faATnagmWPpbFtwh/R77WmMMqqHGS65C3vvB0YHrgF+B1YmZ3441tMj5n63k0212XNoJwzlhffQw==}
    engines: {node: ^8.16.0 || ^10.6.0 || >=11.0.0}
    os:
    - darwin

  graceful-fs@4.2.11:
    resolution: {integrity: sha512-RbJ5/jmFcNNCcDV5o9eTnBLJ/HszWV0P73bc+Ff4nS/rJj+YaS6IGyiOL0VoBYX+l1Wrl3k63h/KrH+nhJ0XvQ==}

  iconv-lite@0.6.3:
    resolution: {integrity: sha512-4fCk79wshMdzMp2rH06qWrJE4iolqLhCUH+OiuIgU++RB0+94NlDL81atO7GX55uUKueo0txHNtvEyI6D7WdMw==}
    engines: {node: '>=0.10.0'}

  image-size@0.5.5:
    resolution: {integrity: sha512-6TDAlDPZxUFCv+fuOkIoXT/V/f3Qbq8e37p+YOiYrUv3v9cc3/6x78VdfPgFVaB9dZYeLUfKgHRebpkm/oP2VQ==}
    engines: {node: '>=0.10.0'}
    hasBin: true

  is-what@4.1.16:
    resolution: {integrity: sha512-ZhMwEosbFJkA0YhFnNDgTM4ZxDRsS6HqTo7qsZM08fehyRYIYa0yHu5R6mgo1n/8MgaPBXiPimPD77baVFYg+A==}
    engines: {node: '>=12.13'}

  less@4.6.4:
    resolution: {integrity: sha512-OJmO5+HxZLLw0RLzkqaNHzcgEAQG7C0y3aMbwtCzIUFZsLMNNq/1IdAdHEycQ58CwUO3jPTHmoN+tE5I7FQxNg==}
    engines: {node: '>=18'}
    hasBin: true

  magic-string@0.30.21:
    resolution: {integrity: sha512-vd2F4YUyEXKGcLHoq+TEyCjxueSeHnFxyyjNp80yg0XV4vUhnDer/lvvlqM/arB5bXQN5K2/3oinyCRyx8T2CQ==}

  make-dir@2.1.0:
    resolution: {integrity: sha512-LS9X+dc8KLxXCb8dni79fLIIUA5VyZoyjSMCwTluaXA0o27cCK0bhXkpgw+sTXVpPy/lSO57ilRixqk0vDmtRA==}
    engines: {node: '>=6'}

  mime@1.6.0:
    resolution: {integrity: sha512-x0Vn8spI+wuJ1O6S7gnbaQg8Pxh4NNHb7KSINmEWKiPE4RKOplvijn+NkmYmmRgP68mc70j2EbeTFRsrswaQeg==}
    engines: {node: '>=4'}
    hasBin: true

  muggle-string@0.4.1:
    resolution: {integrity: sha512-VNTrAak/KhO2i8dqqnqnAHOa3cYBwXEZe9h+D5h/1ZqFSTEFHdM65lR7RoIqq3tBBYavsOXV84NoHXZ0AkPyqQ==}

  nanoid@3.3.12:
    resolution: {integrity: sha512-ZB9RH/39qpq5Vu6Y+NmUaFhQR6pp+M2Xt76XBnEwDaGcVAqhlvxrl3B2bKS5D3NH3QR76v3aSrKaF/Kiy7lEtQ==}
    engines: {node: ^10 || ^12 || ^13.7 || ^14 || >=15.0.1}
    hasBin: true

  needle@3.5.0:
    resolution: {integrity: sha512-jaQyPKKk2YokHrEg+vFDYxXIHTCBgiZwSHOoVx/8V3GIBS8/VN6NdVRmg8q1ERtPkMvmOvebsgga4sAj5hls/w==}
    engines: {node: '>= 4.4.x'}
    hasBin: true

  parse-node-version@1.0.1:
    resolution: {integrity: sha512-3YHlOa/JgH6Mnpr05jP9eDG254US9ek25LyIxZlDItp2iJtwyaXQb57lBYLdT3MowkUFYEV2XXNAYIPlESvJlA==}
    engines: {node: '>= 0.10'}

  path-browserify@1.0.1:
    resolution: {integrity: sha512-b7uo2UCUOYZcnF/3ID0lulOJi/bafxa1xPe7ZPsammBSpjSWQkjNxlt635YGS2MiR9GjvuXCtz2emr3jbsz98g==}

  picocolors@1.1.1:
    resolution: {integrity: sha512-xceH2snhtb5M9liqDsmEw56le376mTZkEX/jEb/RxNFyegNul7eNslCXP9FDj/Lcu0X8KEyMceP2ntpaHrDEVA==}

  picomatch@4.0.4:
    resolution: {integrity: sha512-QP88BAKvMam/3NxH6vj2o21R6MjxZUAd6nlwAS/pnGvN9IVLocLHxGYIzFhg6fUQ+5th6P4dv4eW9jX3DSIj7A==}
    engines: {node: '>=12'}

  pify@4.0.1:
    resolution: {integrity: sha512-uB80kBFb/tfd68bVleG9T5GGsGPjJrLAUpR5PZIrhBnIaRTQRjqdJSsIKkOP6OAIFbj7GOrcudc5pNjZ+geV2g==}
    engines: {node: '>=6'}

  postcss@8.5.15:
    resolution: {integrity: sha512-FfR8sjd4em2T6fb3I2MwAJU7HWVMr9zba+enmQeeWFfCbm+UOC/0X4DS8XtpUTMwWMGbjKYP7xjfNekzyGmB3A==}
    engines: {node: ^10 || ^12 || >=14}

  prr@1.0.1:
    resolution: {integrity: sha512-yPw4Sng1gWghHQWj0B3ZggWUm4qVbPwPFcRG8KyxiU7J2OHFSoEHKS+EZ3fv5l1t9CyCiop6l/ZYeWbrgoQejw==}

  rollup@4.61.1:
    resolution: {integrity: sha512-I4KW6iuRpuu2uHBLraZ1wNZe0DP7lnRha+VJ9tNaYVaVgKhW0aI3h4RYnoRPeql0flHm/Co55b7snEDcOfOJrA==}
    engines: {node: '>=18.0.0', npm: '>=8.0.0'}
    hasBin: true

  safer-buffer@2.1.2:
    resolution: {integrity: sha512-YZo3K82SD7Riyi0E1EQPojLz7kpepnSQI9IyPbHHg1XXXevb5dJI7tpyN2ADxGcQbHG7vcyRHk0cbwqcQriUtg==}

  sax@1.6.0:
    resolution: {integrity: sha512-6R3J5M4AcbtLUdZmRv2SygeVaM7IhrLXu9BmnOGmmACak8fiUtOsYNWUS4uK7upbmHIBbLBeFeI//477BKLBzA==}
    engines: {node: '>=11.0.0'}

  semver@5.7.2:
    resolution: {integrity: sha512-cBznnQ9KjJqU67B52RMC65CMarK2600WFnbkcaiwWq3xy/5haFJlshgnpjovMVJ+Hff49d8GEn0b87C5pDQ10g==}
    hasBin: true

  source-map-js@1.2.1:
    resolution: {integrity: sha512-UXWMKhLOwVKb728IUtQPXxfYU+usdybtUrK/8uGE8CQMvrhOpwvzDBwj0QhSL7MQc7vIsISBG8VQ8+IDQxpfQA==}
    engines: {node: '>=0.10.0'}

  source-map@0.6.1:
    resolution: {integrity: sha512-UjgapumWlbMhkBgzT7Ykc5YXUT46F0iKu8SGXq0bcwP5dz/h0Plj6enJqjz1Zbq2l5WaqYnrVbwWOWMyF3F47g==}
    engines: {node: '>=0.10.0'}

  tinyglobby@0.2.17:
    resolution: {integrity: sha512-wXR/dYpcqKmfWpEdZjiKJOwCNFndD0DMnrW/cYjVGttEkBfVgcLFHoNrlj47mjOVic9yyNu65alsgF4NQyTa2g==}
    engines: {node: '>=12.0.0'}

  typescript@6.0.3:
    resolution: {integrity: sha512-y2TvuxSZPDyQakkFRPZHKFm+KKVqIisdg9/CZwm9ftvKXLP8NRWj38/ODjNbr43SsoXqNuAisEf1GdCxqWcdBw==}
    engines: {node: '>=14.17'}
    hasBin: true

  vite@6.4.3:
    resolution: {integrity: sha512-NTKlcQjlAK7MlQoyb6LgaqHc8sso/pVyUJYWMws3jg21uTJw/LddqIFPcPqP6PzpgbIcZyKI85sFE4HBrQDA8A==}
    engines: {node: ^18.0.0 || ^20.0.0 || >=22.0.0}
    hasBin: true
    peerDependencies:
      '@types/node': ^18.0.0 || ^20.0.0 || >=22.0.0
      jiti: '>=1.21.0'
      less: '*'
      lightningcss: ^1.21.0
      sass: '*'
      sass-embedded: '*'
      stylus: '*'
      sugarss: '*'
      terser: ^5.16.0
      tsx: ^4.8.1
      yaml: ^2.4.2
    peerDependenciesMeta:
      '@types/node':
        optional: true
      jiti:
        optional: true
      less:
        optional: true
      lightningcss:
        optional: true
      sass:
        optional: true
      sass-embedded:
        optional: true
      stylus:
        optional: true
      sugarss:
        optional: true
      terser:
        optional: true
      tsx:
        optional: true
      yaml:
        optional: true

  vscode-uri@3.1.0:
    resolution: {integrity: sha512-/BpdSx+yCQGnCvecbyXdxHDkuk55/G3xwnC0GqY4gmQ3j+A+g8kzzgB4Nk/SINjqn6+waqw3EgbVF2QKExkRxQ==}

  vue-router@4.6.4:
    resolution: {integrity: sha512-Hz9q5sa33Yhduglwz6g9skT8OBPii+4bFn88w6J+J4MfEo4KRRpmiNG/hHHkdbRFlLBOqxN8y8gf2Fb0MTUgVg==}
    peerDependencies:
      vue: ^3.5.0

  vue-sonner@2.0.9:
    resolution: {integrity: sha512-i6BokNlNDL93fpzNxN/LZSn6D6MzlO+i3qXt6iVZne3x1k7R46d5HlFB4P8tYydhgqOrRbIZEsnRd3kG7qGXyw==}
    peerDependencies:
      '@nuxt/kit': ^4.0.3
      '@nuxt/schema': ^4.0.3
      nuxt: ^4.0.3
    peerDependenciesMeta:
      '@nuxt/kit':
        optional: true
      '@nuxt/schema':
        optional: true
      nuxt:
        optional: true

  vue-tsc@3.3.4:
    resolution: {integrity: sha512-XA/JqmQwS2GZmfgpjOEGdrKwaTSEuPwxpHa7/t6f4yiGrJb3gVHTPb9wBfByMNZwQ+xDXs41b8gaS2DKsOozUw==}
    hasBin: true
    peerDependencies:
      typescript: '>=5.0.0'

  vue@3.5.38:
    resolution: {integrity: sha512-vAMKHfImQlYSy0C+PBue4s3ERZ2xGKfgZg5GXAsLInq1dyh2H78ILVP5sK0KPFPVW4kv+OGCIvBEondcjpZp7A==}
    peerDependencies:
      typescript: '*'
    peerDependenciesMeta:
      typescript:
        optional: true

snapshots:

  '@babel/helper-string-parser@7.29.7': {}

  '@babel/helper-validator-identifier@7.29.7': {}

  '@babel/parser@7.29.7':
    dependencies:
      '@babel/types': 7.29.7

  '@babel/types@7.29.7':
    dependencies:
      '@babel/helper-string-parser': 7.29.7
      '@babel/helper-validator-identifier': 7.29.7

  '@esbuild/darwin-arm64@0.25.12': {}

  '@esbuild/linux-arm64@0.25.12': {}

  '@esbuild/linux-x64@0.25.12': {}

  '@esbuild/win32-arm64@0.25.12': {}

  '@esbuild/win32-x64@0.25.12': {}

  '@jridgewell/sourcemap-codec@1.5.5': {}

  '@rolldown/pluginutils@1.0.1': {}

  '@rollup/rollup-darwin-arm64@4.61.1': {}

  '@rollup/rollup-linux-arm64-gnu@4.61.1': {}

  '@rollup/rollup-linux-arm64-musl@4.61.1': {}

  '@rollup/rollup-linux-x64-gnu@4.61.1': {}

  '@rollup/rollup-linux-x64-musl@4.61.1': {}

  '@rollup/rollup-win32-arm64-msvc@4.61.1': {}

  '@rollup/rollup-win32-x64-gnu@4.61.1': {}

  '@rollup/rollup-win32-x64-msvc@4.61.1': {}

  '@types/estree@1.0.9': {}

  '@vitejs/plugin-vue@6.0.7(vite@6.4.3(less@4.6.4))(vue@3.5.38(typescript@6.0.3))':
    dependencies:
      '@rolldown/pluginutils': 1.0.1
      vite: 6.4.3(less@4.6.4)
      vue: 3.5.38(typescript@6.0.3)

  '@volar/language-core@2.4.28':
    dependencies:
      '@volar/source-map': 2.4.28

  '@volar/source-map@2.4.28': {}

  '@volar/typescript@2.4.28':
    dependencies:
      '@volar/language-core': 2.4.28
      path-browserify: 1.0.1
      vscode-uri: 3.1.0

  '@vue/compiler-core@3.5.38':
    dependencies:
      '@babel/parser': 7.29.7
      '@vue/shared': 3.5.38
      entities: 7.0.1
      estree-walker: 2.0.2
      source-map-js: 1.2.1

  '@vue/compiler-dom@3.5.38':
    dependencies:
      '@vue/compiler-core': 3.5.38
      '@vue/shared': 3.5.38

  '@vue/compiler-sfc@3.5.38':
    dependencies:
      '@babel/parser': 7.29.7
      '@vue/compiler-core': 3.5.38
      '@vue/compiler-dom': 3.5.38
      '@vue/compiler-ssr': 3.5.38
      '@vue/shared': 3.5.38
      estree-walker: 2.0.2
      magic-string: 0.30.21
      postcss: 8.5.15
      source-map-js: 1.2.1

  '@vue/compiler-ssr@3.5.38':
    dependencies:
      '@vue/compiler-dom': 3.5.38
      '@vue/shared': 3.5.38

  '@vue/devtools-api@6.6.4': {}

  '@vue/language-core@3.3.4':
    dependencies:
      '@volar/language-core': 2.4.28
      '@vue/compiler-dom': 3.5.38
      '@vue/shared': 3.5.38
      alien-signals: 3.2.1
      muggle-string: 0.4.1
      path-browserify: 1.0.1
      picomatch: 4.0.4

  '@vue/reactivity@3.5.38':
    dependencies:
      '@vue/shared': 3.5.38

  '@vue/runtime-core@3.5.38':
    dependencies:
      '@vue/reactivity': 3.5.38
      '@vue/shared': 3.5.38

  '@vue/runtime-dom@3.5.38':
    dependencies:
      '@vue/reactivity': 3.5.38
      '@vue/runtime-core': 3.5.38
      '@vue/shared': 3.5.38
      csstype: 3.2.3

  '@vue/server-renderer@3.5.38(vue@3.5.38(typescript@6.0.3))':
    dependencies:
      '@vue/compiler-ssr': 3.5.38
      '@vue/shared': 3.5.38
      vue: 3.5.38(typescript@6.0.3)

  '@vue/shared@3.5.38': {}

  '@vue/tsconfig@0.9.1(typescript@6.0.3)(vue@3.5.38(typescript@6.0.3))':
    dependencies:
      typescript: 6.0.3
      vue: 3.5.38(typescript@6.0.3)

  alien-signals@3.2.1: {}

  copy-anything@3.0.5:
    dependencies:
      is-what: 4.1.16

  csstype@3.2.3: {}

  entities@7.0.1: {}

  errno@0.1.8:
    dependencies:
      prr: 1.0.1

  esbuild@0.25.12:
    optionalDependencies:
      '@esbuild/darwin-arm64': 0.25.12
      '@esbuild/linux-arm64': 0.25.12
      '@esbuild/linux-x64': 0.25.12
      '@esbuild/win32-arm64': 0.25.12
      '@esbuild/win32-x64': 0.25.12

  estree-walker@2.0.2: {}

  fdir@6.5.0(picomatch@4.0.4):
    dependencies:
      picomatch: 4.0.4

  fsevents@2.3.3: {}

  graceful-fs@4.2.11: {}

  iconv-lite@0.6.3:
    dependencies:
      safer-buffer: 2.1.2

  image-size@0.5.5: {}

  is-what@4.1.16: {}

  less@4.6.4:
    dependencies:
      copy-anything: 3.0.5
      parse-node-version: 1.0.1
    optionalDependencies:
      errno: 0.1.8
      graceful-fs: 4.2.11
      image-size: 0.5.5
      make-dir: 2.1.0
      mime: 1.6.0
      needle: 3.5.0
      source-map: 0.6.1

  magic-string@0.30.21:
    dependencies:
      '@jridgewell/sourcemap-codec': 1.5.5

  make-dir@2.1.0:
    dependencies:
      pify: 4.0.1
      semver: 5.7.2

  mime@1.6.0: {}

  muggle-string@0.4.1: {}

  nanoid@3.3.12: {}

  needle@3.5.0:
    dependencies:
      iconv-lite: 0.6.3
      sax: 1.6.0

  parse-node-version@1.0.1: {}

  path-browserify@1.0.1: {}

  picocolors@1.1.1: {}

  picomatch@4.0.4: {}

  pify@4.0.1: {}

  postcss@8.5.15:
    dependencies:
      nanoid: 3.3.12
      picocolors: 1.1.1
      source-map-js: 1.2.1

  prr@1.0.1: {}

  rollup@4.61.1:
    dependencies:
      '@types/estree': 1.0.9
    optionalDependencies:
      '@rollup/rollup-darwin-arm64': 4.61.1
      '@rollup/rollup-linux-arm64-gnu': 4.61.1
      '@rollup/rollup-linux-arm64-musl': 4.61.1
      '@rollup/rollup-linux-x64-gnu': 4.61.1
      '@rollup/rollup-linux-x64-musl': 4.61.1
      '@rollup/rollup-win32-arm64-msvc': 4.61.1
      '@rollup/rollup-win32-x64-gnu': 4.61.1
      '@rollup/rollup-win32-x64-msvc': 4.61.1
      fsevents: 2.3.3

  safer-buffer@2.1.2: {}

  sax@1.6.0: {}

  semver@5.7.2: {}

  source-map-js@1.2.1: {}

  source-map@0.6.1: {}

  tinyglobby@0.2.17:
    dependencies:
      fdir: 6.5.0(picomatch@4.0.4)
      picomatch: 4.0.4

  typescript@6.0.3: {}

  vite@6.4.3(less@4.6.4):
    dependencies:
      esbuild: 0.25.12
      fdir: 6.5.0(picomatch@4.0.4)
      less: 4.6.4
      picomatch: 4.0.4
      postcss: 8.5.15
      rollup: 4.61.1
      tinyglobby: 0.2.17
    optionalDependencies:
      fsevents: 2.3.3

  vscode-uri@3.1.0: {}

  vue-router@4.6.4(vue@3.5.38(typescript@6.0.3)):
    dependencies:
      '@vue/devtools-api': 6.6.4
      vue: 3.5.38(typescript@6.0.3)

  vue-sonner@2.0.9: {}

  vue-tsc@3.3.4(typescript@6.0.3):
    dependencies:
      '@volar/typescript': 2.4.28
      '@vue/language-core': 3.3.4
      typescript: 6.0.3

  vue@3.5.38(typescript@6.0.3):
    dependencies:
      '@vue/compiler-dom': 3.5.38
      '@vue/compiler-sfc': 3.5.38
      '@vue/runtime-dom': 3.5.38
      '@vue/server-renderer': 3.5.38(vue@3.5.38(typescript@6.0.3))
      '@vue/shared': 3.5.38
      typescript: 6.0.3
